{
  "name": "test-bun-netlify",
  "version": "1.0.0",
  "lockfileVersion": 3,
  "requires": true,
  "packages": {
    "": {
      "name": "test-bun-netlify",
      "version": "1.0.0",
      "license": "ISC",
      "dependencies": {
        "netlify-plugin-bun": "^0.0.1"
      }
    },
    "node_modules/netlify-plugin-bun": {
      "version": "0.0.1",
      "resolved": "https://registry.npmjs.org/netlify-plugin-bun/-/netlify-plugin-bun-0.0.1.tgz",
      "integrity": "sha512-HXnoqjBIskP0sME8KgGSP4FREdReuSkUrW1i+DSheHSIs87/OWbXdenVzPlBp2i/t1GEqpijtU++IOfMXwhU4w==",
      "hasInstallScript": true,
      "engines": {
        "node": "^14.14.0 || >=16.0.0"
      }
    }
  }
}
